<?xml version="1.0" encoding="UTF-8" standalone="yes" ?>
<CodeBlocks_project_file>
	<FileVersion major="1" minor="6" />
	<Project>
		<Option title="Socket" />
		<Option pch_mode="2" />
		<Option compiler="gcc" />
		<Build>
			<Target title="Debug">
				<Option output="bin/Debug/Socket" prefix_auto="1" extension_auto="1" />
				<Option object_output="obj/Debug/" />
				<Option type="1" />
				<Option compiler="gcc" />
				<Compiler>
					<Add option="-std=c++11" />
					<Add option="-g" />
				</Compiler>
				<Linker>
					<Add library="/lib/x86_64-linux-gnu/libpthread-2.19.so" />
				</Linker>
			</Target>
			<Target title="Release">
				<Option output="bin/Release/Socket" prefix_auto="1" extension_auto="1" />
				<Option object_output="obj/Release/" />
				<Option type="1" />
				<Option compiler="gcc" />
				<Compiler>
					<Add option="-O2" />
				</Compiler>
				<Linker>
					<Add option="-s" />
				</Linker>
			</Target>
		</Build>
		<Compiler>
			<Add option="-Wall" />
		</Compiler>
		<Unit filename="MultiPthread/MP_98/ThreadPool.cpp" />
		<Unit filename="MultiPthread/MP_98/ThreadPool.h" />
		<Unit filename="MultiPthread/MP_98/main.cpp" />
		<Unit filename="Socket.cbp" />
		<Unit filename="UnixProgramming/Client.h" />
		<Unit filename="UnixProgramming/IOMultiplexing/pollClient.h" />
		<Unit filename="UnixProgramming/IOMultiplexing/pollService.h" />
		<Unit filename="UnixProgramming/UDP_Programming/UDPClient.h" />
		<Unit filename="UnixProgramming/UDP_Programming/UDPService.h" />
		<Unit filename="UnixProgramming/server.h" />
		<Extensions>
			<code_completion />
			<debugger />
			<envvars />
		</Extensions>
	</Project>
</CodeBlocks_project_file>
